
Microsoft Visual Studio Solution File, Format Version 12.00
# Visual Studio Version 17
VisualStudioVersion = 17.7.34018.315
MinimumVisualStudioVersion = 10.0.40219.1
Project("{9A19103F-16F7-4668-BE54-9A1E7A4F7556}") = "TheShop", "TheShop\TheShop.csproj", "{629DB6E8-5C0F-43BA-96BE-800C9799E8FF}"
	ProjectSection(ProjectDependencies) = postProject
		{84D0CC6E-D571-48EE-97A4-8E2BE35B0BF8} = {84D0CC6E-D571-48EE-97A4-8E2BE35B0BF8}
	EndProjectSection
EndProject
Project("{FAE04EC0-301F-11D3-BF4B-00C04F79EFBC}") = "Repository", "Repository\Repository.csproj", "{84D0CC6E-D571-48EE-97A4-8E2BE35B0BF8}"
	ProjectSection(ProjectDependencies) = postProject
		{AFD52A01-4C25-4B3D-ABA1-5AE88ECDF65D} = {AFD52A01-4C25-4B3D-ABA1-5AE88ECDF65D}
	EndProjectSection
EndProject
Project("{FAE04EC0-301F-11D3-BF4B-00C04F79EFBC}") = "DbLayer", "DbLayer\DbLayer.csproj", "{AFD52A01-4C25-4B3D-ABA1-5AE88ECDF65D}"
EndProject
Global
	GlobalSection(SolutionConfigurationPlatforms) = preSolution
		Debug|Any CPU = Debug|Any CPU
		Release|Any CPU = Release|Any CPU
	EndGlobalSection
	GlobalSection(ProjectConfigurationPlatforms) = postSolution
		{629DB6E8-5C0F-43BA-96BE-800C9799E8FF}.Debug|Any CPU.ActiveCfg = Debug|Any CPU
		{629DB6E8-5C0F-43BA-96BE-800C9799E8FF}.Debug|Any CPU.Build.0 = Debug|Any CPU
		{629DB6E8-5C0F-43BA-96BE-800C9799E8FF}.Release|Any CPU.ActiveCfg = Release|Any CPU
		{629DB6E8-5C0F-43BA-96BE-800C9799E8FF}.Release|Any CPU.Build.0 = Release|Any CPU
		{84D0CC6E-D571-48EE-97A4-8E2BE35B0BF8}.Debug|Any CPU.ActiveCfg = Debug|Any CPU
		{84D0CC6E-D571-48EE-97A4-8E2BE35B0BF8}.Debug|Any CPU.Build.0 = Debug|Any CPU
		{84D0CC6E-D571-48EE-97A4-8E2BE35B0BF8}.Release|Any CPU.ActiveCfg = Release|Any CPU
		{84D0CC6E-D571-48EE-97A4-8E2BE35B0BF8}.Release|Any CPU.Build.0 = Release|Any CPU
		{AFD52A01-4C25-4B3D-ABA1-5AE88ECDF65D}.Debug|Any CPU.ActiveCfg = Debug|Any CPU
		{AFD52A01-4C25-4B3D-ABA1-5AE88ECDF65D}.Debug|Any CPU.Build.0 = Debug|Any CPU
		{AFD52A01-4C25-4B3D-ABA1-5AE88ECDF65D}.Release|Any CPU.ActiveCfg = Release|Any CPU
		{AFD52A01-4C25-4B3D-ABA1-5AE88ECDF65D}.Release|Any CPU.Build.0 = Release|Any CPU
	EndGlobalSection
	GlobalSection(SolutionProperties) = preSolution
		HideSolutionNode = FALSE
	EndGlobalSection
	GlobalSection(ExtensibilityGlobals) = postSolution
		SolutionGuid = {CECE8960-B72B-4FE1-B49F-A11884B15BB6}
	EndGlobalSection
EndGlobal
